
Microsoft Visual Studio Solution File, Format Version 12.00
# Visual Studio Version 16
VisualStudioVersion = 16.0.30320.27
MinimumVisualStudioVersion = 10.0.40219.1
Project("{9A19103F-16F7-4668-BE54-9A1E7A4F7556}") = "PersonRegisterTest", "PersonRegisterTest\PersonRegisterTest.csproj", "{4D8A404B-D2DC-4678-ABC4-C1EFE58E5087}"
EndProject
Project("{9A19103F-16F7-4668-BE54-9A1E7A4F7556}") = "Dictionary", "DictionaryTest\Dictionary.csproj", "{8775F4AA-D57E-44AD-AE97-5EC6812D1F19}"
EndProject
Project("{9A19103F-16F7-4668-BE54-9A1E7A4F7556}") = "BasicPerson", "BasicPerson\BasicPerson.csproj", "{249A1EBB-517C-44BC-8BBF-F2D1CC3A87C9}"
EndProject
Project("{9A19103F-16F7-4668-BE54-9A1E7A4F7556}") = "Register", "Register\Register.csproj", "{9FEC7929-87C8-4814-8F8B-E49A75EEE9EE}"
EndProject
Project("{9A19103F-16F7-4668-BE54-9A1E7A4F7556}") = "BetterDotMath", "BetterDotMath\BetterDotMath.csproj", "{47853BBE-829B-4F88-B6E6-81F07BB01241}"
EndProject
Project("{9A19103F-16F7-4668-BE54-9A1E7A4F7556}") = "SchoolSystem", "SchoolSystem\SchoolSystem.csproj", "{831462FA-3F65-4F3A-94E3-536C8A2E9DDB}"
EndProject
Project("{9A19103F-16F7-4668-BE54-9A1E7A4F7556}") = "Delegats", "Delegats\Delegats.csproj", "{743CA935-FDBF-429C-9E4A-66EF1CDD9D08}"
EndProject
Project("{FAE04EC0-301F-11D3-BF4B-00C04F79EFBC}") = "Inheritance", "Inheritance\Inheritance.csproj", "{3FD239A1-570F-4D2C-B560-FA175C10E917}"
EndProject
Global
	GlobalSection(SolutionConfigurationPlatforms) = preSolution
		Debug|Any CPU = Debug|Any CPU
		Release|Any CPU = Release|Any CPU
	EndGlobalSection
	GlobalSection(ProjectConfigurationPlatforms) = postSolution
		{4D8A404B-D2DC-4678-ABC4-C1EFE58E5087}.Debug|Any CPU.ActiveCfg = Debug|Any CPU
		{4D8A404B-D2DC-4678-ABC4-C1EFE58E5087}.Debug|Any CPU.Build.0 = Debug|Any CPU
		{4D8A404B-D2DC-4678-ABC4-C1EFE58E5087}.Release|Any CPU.ActiveCfg = Release|Any CPU
		{4D8A404B-D2DC-4678-ABC4-C1EFE58E5087}.Release|Any CPU.Build.0 = Release|Any CPU
		{8775F4AA-D57E-44AD-AE97-5EC6812D1F19}.Debug|Any CPU.ActiveCfg = Debug|Any CPU
		{8775F4AA-D57E-44AD-AE97-5EC6812D1F19}.Debug|Any CPU.Build.0 = Debug|Any CPU
		{8775F4AA-D57E-44AD-AE97-5EC6812D1F19}.Release|Any CPU.ActiveCfg = Release|Any CPU
		{8775F4AA-D57E-44AD-AE97-5EC6812D1F19}.Release|Any CPU.Build.0 = Release|Any CPU
		{249A1EBB-517C-44BC-8BBF-F2D1CC3A87C9}.Debug|Any CPU.ActiveCfg = Debug|Any CPU
		{249A1EBB-517C-44BC-8BBF-F2D1CC3A87C9}.Debug|Any CPU.Build.0 = Debug|Any CPU
		{249A1EBB-517C-44BC-8BBF-F2D1CC3A87C9}.Release|Any CPU.ActiveCfg = Release|Any CPU
		{249A1EBB-517C-44BC-8BBF-F2D1CC3A87C9}.Release|Any CPU.Build.0 = Release|Any CPU
		{9FEC7929-87C8-4814-8F8B-E49A75EEE9EE}.Debug|Any CPU.ActiveCfg = Debug|Any CPU
		{9FEC7929-87C8-4814-8F8B-E49A75EEE9EE}.Debug|Any CPU.Build.0 = Debug|Any CPU
		{9FEC7929-87C8-4814-8F8B-E49A75EEE9EE}.Release|Any CPU.ActiveCfg = Release|Any CPU
		{9FEC7929-87C8-4814-8F8B-E49A75EEE9EE}.Release|Any CPU.Build.0 = Release|Any CPU
		{47853BBE-829B-4F88-B6E6-81F07BB01241}.Debug|Any CPU.ActiveCfg = Debug|Any CPU
		{47853BBE-829B-4F88-B6E6-81F07BB01241}.Debug|Any CPU.Build.0 = Debug|Any CPU
		{47853BBE-829B-4F88-B6E6-81F07BB01241}.Release|Any CPU.ActiveCfg = Release|Any CPU
		{47853BBE-829B-4F88-B6E6-81F07BB01241}.Release|Any CPU.Build.0 = Release|Any CPU
		{831462FA-3F65-4F3A-94E3-536C8A2E9DDB}.Debug|Any CPU.ActiveCfg = Debug|Any CPU
		{831462FA-3F65-4F3A-94E3-536C8A2E9DDB}.Debug|Any CPU.Build.0 = Debug|Any CPU
		{831462FA-3F65-4F3A-94E3-536C8A2E9DDB}.Release|Any CPU.ActiveCfg = Release|Any CPU
		{831462FA-3F65-4F3A-94E3-536C8A2E9DDB}.Release|Any CPU.Build.0 = Release|Any CPU
		{743CA935-FDBF-429C-9E4A-66EF1CDD9D08}.Debug|Any CPU.ActiveCfg = Debug|Any CPU
		{743CA935-FDBF-429C-9E4A-66EF1CDD9D08}.Debug|Any CPU.Build.0 = Debug|Any CPU
		{743CA935-FDBF-429C-9E4A-66EF1CDD9D08}.Release|Any CPU.ActiveCfg = Release|Any CPU
		{743CA935-FDBF-429C-9E4A-66EF1CDD9D08}.Release|Any CPU.Build.0 = Release|Any CPU
		{3FD239A1-570F-4D2C-B560-FA175C10E917}.Debug|Any CPU.ActiveCfg = Debug|Any CPU
		{3FD239A1-570F-4D2C-B560-FA175C10E917}.Debug|Any CPU.Build.0 = Debug|Any CPU
		{3FD239A1-570F-4D2C-B560-FA175C10E917}.Release|Any CPU.ActiveCfg = Release|Any CPU
		{3FD239A1-570F-4D2C-B560-FA175C10E917}.Release|Any CPU.Build.0 = Release|Any CPU
	EndGlobalSection
	GlobalSection(SolutionProperties) = preSolution
		HideSolutionNode = FALSE
	EndGlobalSection
	GlobalSection(ExtensibilityGlobals) = postSolution
		SolutionGuid = {3F1F92D4-C1C4-4166-8C74-CBD8ED9B7D23}
	EndGlobalSection
EndGlobal
