
Microsoft Visual Studio Solution File, Format Version 12.00
# Visual Studio Version 16
VisualStudioVersion = 16.0.30320.27
MinimumVisualStudioVersion = 10.0.40219.1
Project("{9A19103F-16F7-4668-BE54-9A1E7A4F7556}") = "Projects H2", "Projects H2\Projects H2.csproj", "{6E41B7C4-CFB9-45C1-924A-E547576A0B51}"
EndProject
Project("{9A19103F-16F7-4668-BE54-9A1E7A4F7556}") = "PersonRegisterTest", "PersonRegisterTest\PersonRegisterTest.csproj", "{4D8A404B-D2DC-4678-ABC4-C1EFE58E5087}"
EndProject
Project("{FAE04EC0-301F-11D3-BF4B-00C04F79EFBC}") = "Dictionary", "DictionaryTest\Dictionary.csproj", "{8775F4AA-D57E-44AD-AE97-5EC6812D1F19}"
EndProject
Project("{FAE04EC0-301F-11D3-BF4B-00C04F79EFBC}") = "BasicPerson", "BasicPerson\BasicPerson.csproj", "{249A1EBB-517C-44BC-8BBF-F2D1CC3A87C9}"
EndProject
Project("{FAE04EC0-301F-11D3-BF4B-00C04F79EFBC}") = "Register", "Register\Register.csproj", "{9FEC7929-87C8-4814-8F8B-E49A75EEE9EE}"
EndProject
Global
	GlobalSection(SolutionConfigurationPlatforms) = preSolution
		Debug|Any CPU = Debug|Any CPU
		Release|Any CPU = Release|Any CPU
	EndGlobalSection
	GlobalSection(ProjectConfigurationPlatforms) = postSolution
		{6E41B7C4-CFB9-45C1-924A-E547576A0B51}.Debug|Any CPU.ActiveCfg = Debug|Any CPU
		{6E41B7C4-CFB9-45C1-924A-E547576A0B51}.Debug|Any CPU.Build.0 = Debug|Any CPU
		{6E41B7C4-CFB9-45C1-924A-E547576A0B51}.Release|Any CPU.ActiveCfg = Release|Any CPU
		{6E41B7C4-CFB9-45C1-924A-E547576A0B51}.Release|Any CPU.Build.0 = Release|Any CPU
		{4D8A404B-D2DC-4678-ABC4-C1EFE58E5087}.Debug|Any CPU.ActiveCfg = Debug|Any CPU
		{4D8A404B-D2DC-4678-ABC4-C1EFE58E5087}.Debug|Any CPU.Build.0 = Debug|Any CPU
		{4D8A404B-D2DC-4678-ABC4-C1EFE58E5087}.Release|Any CPU.ActiveCfg = Release|Any CPU
		{4D8A404B-D2DC-4678-ABC4-C1EFE58E5087}.Release|Any CPU.Build.0 = Release|Any CPU
		{8775F4AA-D57E-44AD-AE97-5EC6812D1F19}.Debug|Any CPU.ActiveCfg = Debug|Any CPU
		{8775F4AA-D57E-44AD-AE97-5EC6812D1F19}.Debug|Any CPU.Build.0 = Debug|Any CPU
		{8775F4AA-D57E-44AD-AE97-5EC6812D1F19}.Release|Any CPU.ActiveCfg = Release|Any CPU
		{8775F4AA-D57E-44AD-AE97-5EC6812D1F19}.Release|Any CPU.Build.0 = Release|Any CPU
		{249A1EBB-517C-44BC-8BBF-F2D1CC3A87C9}.Debug|Any CPU.ActiveCfg = Debug|Any CPU
		{249A1EBB-517C-44BC-8BBF-F2D1CC3A87C9}.Debug|Any CPU.Build.0 = Debug|Any CPU
		{249A1EBB-517C-44BC-8BBF-F2D1CC3A87C9}.Release|Any CPU.ActiveCfg = Release|Any CPU
		{249A1EBB-517C-44BC-8BBF-F2D1CC3A87C9}.Release|Any CPU.Build.0 = Release|Any CPU
		{9FEC7929-87C8-4814-8F8B-E49A75EEE9EE}.Debug|Any CPU.ActiveCfg = Debug|Any CPU
		{9FEC7929-87C8-4814-8F8B-E49A75EEE9EE}.Debug|Any CPU.Build.0 = Debug|Any CPU
		{9FEC7929-87C8-4814-8F8B-E49A75EEE9EE}.Release|Any CPU.ActiveCfg = Release|Any CPU
		{9FEC7929-87C8-4814-8F8B-E49A75EEE9EE}.Release|Any CPU.Build.0 = Release|Any CPU
	EndGlobalSection
	GlobalSection(SolutionProperties) = preSolution
		HideSolutionNode = FALSE
	EndGlobalSection
	GlobalSection(ExtensibilityGlobals) = postSolution
		SolutionGuid = {3F1F92D4-C1C4-4166-8C74-CBD8ED9B7D23}
	EndGlobalSection
EndGlobal
